
Microsoft Visual Studio Solution File, Format Version 12.00
# Visual Studio Version 17
VisualStudioVersion = 17.9.34728.123
MinimumVisualStudioVersion = 10.0.40219.1
Project("{FAE04EC0-301F-11D3-BF4B-00C04F79EFBC}") = "Assignment3.4.1", "Assignment3.4.1.csproj", "{962FDA78-00E8-4735-8AB4-FAB7121B013C}"
EndProject
Global
	GlobalSection(SolutionConfigurationPlatforms) = preSolution
		Debug|Any CPU = Debug|Any CPU
		Release|Any CPU = Release|Any CPU
	EndGlobalSection
	GlobalSection(ProjectConfigurationPlatforms) = postSolution
		{962FDA78-00E8-4735-8AB4-FAB7121B013C}.Debug|Any CPU.ActiveCfg = Debug|Any CPU
		{962FDA78-00E8-4735-8AB4-FAB7121B013C}.Debug|Any CPU.Build.0 = Debug|Any CPU
		{962FDA78-00E8-4735-8AB4-FAB7121B013C}.Release|Any CPU.ActiveCfg = Release|Any CPU
		{962FDA78-00E8-4735-8AB4-FAB7121B013C}.Release|Any CPU.Build.0 = Release|Any CPU
	EndGlobalSection
	GlobalSection(SolutionProperties) = preSolution
		HideSolutionNode = FALSE
	EndGlobalSection
	GlobalSection(ExtensibilityGlobals) = postSolution
		SolutionGuid = {58DB7698-3590-4283-9A61-72055DF2B7F0}
	EndGlobalSection
EndGlobal
